
Microsoft Visual Studio Solution File, Format Version 12.00
# Visual Studio Version 17
VisualStudioVersion = 17.0.32112.339
MinimumVisualStudioVersion = 10.0.40219.1
Project("{8BC9CEB8-8B4A-11D0-8D11-00A0C91BC942}") = "HW5BitonicSorting", "HW5BitonicSorting.vcxproj", "{5A78B5FA-F389-4BCB-9FAB-875FD8B6B484}"
EndProject
Global
	GlobalSection(SolutionConfigurationPlatforms) = preSolution
		Debug|x64 = Debug|x64
		Debug|x86 = Debug|x86
		Release|x64 = Release|x64
		Release|x86 = Release|x86
	EndGlobalSection
	GlobalSection(ProjectConfigurationPlatforms) = postSolution
		{5A78B5FA-F389-4BCB-9FAB-875FD8B6B484}.Debug|x64.ActiveCfg = Debug|x64
		{5A78B5FA-F389-4BCB-9FAB-875FD8B6B484}.Debug|x64.Build.0 = Debug|x64
		{5A78B5FA-F389-4BCB-9FAB-875FD8B6B484}.Debug|x86.ActiveCfg = Debug|Win32
		{5A78B5FA-F389-4BCB-9FAB-875FD8B6B484}.Debug|x86.Build.0 = Debug|Win32
		{5A78B5FA-F389-4BCB-9FAB-875FD8B6B484}.Release|x64.ActiveCfg = Release|x64
		{5A78B5FA-F389-4BCB-9FAB-875FD8B6B484}.Release|x64.Build.0 = Release|x64
		{5A78B5FA-F389-4BCB-9FAB-875FD8B6B484}.Release|x86.ActiveCfg = Release|Win32
		{5A78B5FA-F389-4BCB-9FAB-875FD8B6B484}.Release|x86.Build.0 = Release|Win32
	EndGlobalSection
	GlobalSection(SolutionProperties) = preSolution
		HideSolutionNode = FALSE
	EndGlobalSection
	GlobalSection(ExtensibilityGlobals) = postSolution
		SolutionGuid = {2568C437-35F9-422C-BEE7-5F549251AF61}
	EndGlobalSection
EndGlobal
